// !$*UTF8*$!
{
	archiveVersion = 1;
	classes = {
	};
	objectVersion = 48;
	objects = {

/* Begin PBXBuildFile section */
		74DED4A820B029A0001DBAD1 /* AppDelegate.swift in Sources */ = {isa = PBXBuildFile; fileRef = 74DED4A720B029A0001DBAD1 /* AppDelegate.swift */; };
		74DED4AA20B029A0001DBAD1 /* ViewController.swift in Sources */ = {isa = PBXBuildFile; fileRef = 74DED4A920B029A0001DBAD1 /* ViewController.swift */; };
		74DED4AD20B029A0001DBAD1 /* Main.storyboard in Resources */ = {isa = PBXBuildFile; fileRef = 74DED4AB20B029A0001DBAD1 /* Main.storyboard */; };
		74DED4AF20B029A0001DBAD1 /* Assets.xcassets in Resources */ = {isa = PBXBuildFile; fileRef = 74DED4AE20B029A0001DBAD1 /* Assets.xcassets */; };
		74DED4B220B029A0001DBAD1 /* LaunchScreen.storyboard in Resources */ = {isa = PBXBuildFile; fileRef = 74DED4B020B029A0001DBAD1 /* LaunchScreen.storyboard */; };
		74DED4BD20B029A0001DBAD1 /* MyCarAppTests.swift in Sources */ = {isa = PBXBuildFile; fileRef = 74DED4BC20B029A0001DBAD1 /* MyCarAppTests.swift */; };
		74DED4C820B029A0001DBAD1 /* MyCarAppUITests.swift in Sources */ = {isa = PBXBuildFile; fileRef = 74DED4C720B029A0001DBAD1 /* MyCarAppUITests.swift */; };
/* End PBXBuildFile section */

/* Begin PBXContainerItemProxy section */
		74DED4B920B029A0001DBAD1 /* PBXContainerItemProxy */ = {
			isa = PBXContainerItemProxy;
			containerPortal = 74DED49C20B0299F001DBAD1 /* Project object */;
			proxyType = 1;
			remoteGlobalIDString = 74DED4A320B0299F001DBAD1;
			remoteInfo = MyCarApp;
		};
		74DED4C420B029A0001DBAD1 /* PBXContainerItemProxy */ = {
			isa = PBXContainerItemProxy;
			containerPortal = 74DED49C20B0299F001DBAD1 /* Project object */;
			proxyType = 1;
			remoteGlobalIDString = 74DED4A320B0299F001DBAD1;
			remoteInfo = MyCarApp;
		};
/* End PBXContainerItemProxy section */

/* Begin PBXFileReference section */
		74DED4A420B029A0001DBAD1 /* MyCarApp.app */ = {isa = PBXFileReference; explicitFileType = wrapper.application; includeInIndex = 0; path = MyCarApp.app; sourceTree = BUILT_PRODUCTS_DIR; };
		74DED4A720B029A0001DBAD1 /* AppDelegate.swift */ = {isa = PBXFileReference; lastKnownFileType = sourcecode.swift; path = AppDelegate.swift; sourceTree = "<group>"; };
		74DED4A920B029A0001DBAD1 /* ViewController.swift */ = {isa = PBXFileReference; lastKnownFileType = sourcecode.swift; path = ViewController.swift; sourceTree = "<group>"; };
		74DED4AC20B029A0001DBAD1 /* Base */ = {isa = PBXFileReference; lastKnownFileType = file.storyboard; name = Base; path = Base.lproj/Main.storyboard; sourceTree = "<group>"; };
		74DED4AE20B029A0001DBAD1 /* Assets.xcassets */ = {isa = PBXFileReference; lastKnownFileType = folder.assetcatalog; path = Assets.xcassets; sourceTree = "<group>"; };
		74DED4B120B029A0001DBAD1 /* Base */ = {isa = PBXFileReference; lastKnownFileType = file.storyboard; name = Base; path = Base.lproj/LaunchScreen.storyboard; sourceTree = "<group>"; };
		74DED4B320B029A0001DBAD1 /* Info.plist */ = {isa = PBXFileReference; lastKnownFileType = text.plist.xml; path = Info.plist; sourceTree = "<group>"; };
		74DED4B820B029A0001DBAD1 /* MyCarAppTests.xctest */ = {isa = PBXFileReference; explicitFileType = wrapper.cfbundle; includeInIndex = 0; path = MyCarAppTests.xctest; sourceTree = BUILT_PRODUCTS_DIR; };
		74DED4BC20B029A0001DBAD1 /* MyCarAppTests.swift */ = {isa = PBXFileReference; lastKnownFileType = sourcecode.swift; path = MyCarAppTests.swift; sourceTree = "<group>"; };
		74DED4BE20B029A0001DBAD1 /* Info.plist */ = {isa = PBXFileReference; lastKnownFileType = text.plist.xml; path = Info.plist; sourceTree = "<group>"; };
		74DED4C320B029A0001DBAD1 /* MyCarAppUITests.xctest */ = {isa = PBXFileReference; explicitFileType = wrapper.cfbundle; includeInIndex = 0; path = MyCarAppUITests.xctest; sourceTree = BUILT_PRODUCTS_DIR; };
		74DED4C720B029A0001DBAD1 /* MyCarAppUITests.swift */ = {isa = PBXFileReference; lastKnownFileType = sourcecode.swift; path = MyCarAppUITests.swift; sourceTree = "<group>"; };
		74DED4C920B029A0001DBAD1 /* Info.plist */ = {isa = PBXFileReference; lastKnownFileType = text.plist.xml; path = Info.plist; sourceTree = "<group>"; };
/* End PBXFileReference section */

/* Begin PBXFrameworksBuildPhase section */
		74DED4A120B0299F001DBAD1 /* Frameworks */ = {
			isa = PBXFrameworksBuildPhase;
			buildActionMask = 2147483647;
			files = (
			);
			runOnlyForDeploymentPostprocessing = 0;
		};
		74DED4B520B029A0001DBAD1 /* Frameworks */ = {
			isa = PBXFrameworksBuildPhase;
			buildActionMask = 2147483647;
			files = (
			);
			runOnlyForDeploymentPostprocessing = 0;
		};
		74DED4C020B029A0001DBAD1 /* Frameworks */ = {
			isa = PBXFrameworksBuildPhase;
			buildActionMask = 2147483647;
			files = (
			);
			runOnlyForDeploymentPostprocessing = 0;
		};
/* End PBXFrameworksBuildPhase section */

/* Begin PBXGroup section */
		74DED49B20B0299F001DBAD1 = {
			isa = PBXGroup;
			children = (
				74DED4A620B029A0001DBAD1 /* MyCarApp */,
				74DED4BB20B029A0001DBAD1 /* MyCarAppTests */,
				74DED4C620B029A0001DBAD1 /* MyCarAppUITests */,
				74DED4A520B029A0001DBAD1 /* Products */,
			);
			sourceTree = "<group>";
		};
		74DED4A520B029A0001DBAD1 /* Products */ = {
			isa = PBXGroup;
			children = (
				74DED4A420B029A0001DBAD1 /* MyCarApp.app */,
				74DED4B820B029A0001DBAD1 /* MyCarAppTests.xctest */,
				74DED4C320B029A0001DBAD1 /* MyCarAppUITests.xctest */,
			);
			name = Products;
			sourceTree = "<group>";
		};
		74DED4A620B029A0001DBAD1 /* MyCarApp */ = {
			isa = PBXGroup;
			children = (
				74DED4A720B029A0001DBAD1 /* AppDelegate.swift */,
				74DED4A920B029A0001DBAD1 /* ViewController.swift */,
				74DED4AB20B029A0001DBAD1 /* Main.storyboard */,
				74DED4AE20B029A0001DBAD1 /* Assets.xcassets */,
				74DED4B020B029A0001DBAD1 /* LaunchScreen.storyboard */,
				74DED4B320B029A0001DBAD1 /* Info.plist */,
			);
			path = MyCarApp;
			sourceTree = "<group>";
		};
		74DED4BB20B029A0001DBAD1 /* MyCarAppTests */ = {
			isa = PBXGroup;
			children = (
				74DED4BC20B029A0001DBAD1 /* MyCarAppTests.swift */,
				74DED4BE20B029A0001DBAD1 /* Info.plist */,
			);
			path = MyCarAppTests;
			sourceTree = "<group>";
		};
		74DED4C620B029A0001DBAD1 /* MyCarAppUITests */ = {
			isa = PBXGroup;
			children = (
				74DED4C720B029A0001DBAD1 /* MyCarAppUITests.swift */,
				74DED4C920B029A0001DBAD1 /* Info.plist */,
			);
			path = MyCarAppUITests;
			sourceTree = "<group>";
		};
/* End PBXGroup section */

/* Begin PBXNativeTarget section */
		74DED4A320B0299F001DBAD1 /* MyCarApp */ = {
			isa = PBXNativeTarget;
			buildConfigurationList = 74DED4CC20B029A0001DBAD1 /* Build configuration list for PBXNativeTarget "MyCarApp" */;
			buildPhases = (
				74DED4A020B0299F001DBAD1 /* Sources */,
				74DED4A120B0299F001DBAD1 /* Frameworks */,
				74DED4A220B0299F001DBAD1 /* Resources */,
			);
			buildRules = (
			);
			dependencies = (
			);
			name = MyCarApp;
			productName = MyCarApp;
			productReference = 74DED4A420B029A0001DBAD1 /* MyCarApp.app */;
			productType = "com.apple.product-type.application";
		};
		74DED4B720B029A0001DBAD1 /* MyCarAppTests */ = {
			isa = PBXNativeTarget;
			buildConfigurationList = 74DED4CF20B029A0001DBAD1 /* Build configuration list for PBXNativeTarget "MyCarAppTests" */;
			buildPhases = (
				74DED4B420B029A0001DBAD1 /* Sources */,
				74DED4B520B029A0001DBAD1 /* Frameworks */,
				74DED4B620B029A0001DBAD1 /* Resources */,
			);
			buildRules = (
			);
			dependencies = (
				74DED4BA20B029A0001DBAD1 /* PBXTargetDependency */,
			);
			name = MyCarAppTests;
			productName = MyCarAppTests;
			productReference = 74DED4B820B029A0001DBAD1 /* MyCarAppTests.xctest */;
			productType = "com.apple.product-type.bundle.unit-test";
		};
		74DED4C220B029A0001DBAD1 /* MyCarAppUITests */ = {
			isa = PBXNativeTarget;
			buildConfigurationList = 74DED4D220B029A0001DBAD1 /* Build configuration list for PBXNativeTarget "MyCarAppUITests" */;
			buildPhases = (
				74DED4BF20B029A0001DBAD1 /* Sources */,
				74DED4C020B029A0001DBAD1 /* Frameworks */,
				74DED4C120B029A0001DBAD1 /* Resources */,
			);
			buildRules = (
			);
			dependencies = (
				74DED4C520B029A0001DBAD1 /* PBXTargetDependency */,
			);
			name = MyCarAppUITests;
			productName = MyCarAppUITests;
			productReference = 74DED4C320B029A0001DBAD1 /* MyCarAppUITests.xctest */;
			productType = "com.apple.product-type.bundle.ui-testing";
		};
/* End PBXNativeTarget section */

/* Begin PBXProject section */
		74DED49C20B0299F001DBAD1 /* Project object */ = {
			isa = PBXProject;
			attributes = {
				LastSwiftUpdateCheck = 0920;
				LastUpgradeCheck = 0920;
				ORGANIZATIONNAME = "Yasmin Ahmed";
				TargetAttributes = {
					74DED4A320B0299F001DBAD1 = {
						CreatedOnToolsVersion = 9.2;
						ProvisioningStyle = Automatic;
					};
					74DED4B720B029A0001DBAD1 = {
						CreatedOnToolsVersion = 9.2;
						ProvisioningStyle = Automatic;
						TestTargetID = 74DED4A320B0299F001DBAD1;
					};
					74DED4C220B029A0001DBAD1 = {
						CreatedOnToolsVersion = 9.2;
						ProvisioningStyle = Automatic;
						TestTargetID = 74DED4A320B0299F001DBAD1;
					};
				};
			};
			buildConfigurationList = 74DED49F20B0299F001DBAD1 /* Build configuration list for PBXProject "MyCarApp" */;
			compatibilityVersion = "Xcode 8.0";
			developmentRegion = en;
			hasScannedForEncodings = 0;
			knownRegions = (
				en,
				Base,
			);
			mainGroup = 74DED49B20B0299F001DBAD1;
			productRefGroup = 74DED4A520B029A0001DBAD1 /* Products */;
			projectDirPath = "";
			projectRoot = "";
			targets = (
				74DED4A320B0299F001DBAD1 /* MyCarApp */,
				74DED4B720B029A0001DBAD1 /* MyCarAppTests */,
				74DED4C220B029A0001DBAD1 /* MyCarAppUITests */,
			);
		};
/* End PBXProject section */

/* Begin PBXResourcesBuildPhase section */
		74DED4A220B0299F001DBAD1 /* Resources */ = {
			isa = PBXResourcesBuildPhase;
			buildActionMask = 2147483647;
			files = (
				74DED4B220B029A0001DBAD1 /* LaunchScreen.storyboard in Resources */,
				74DED4AF20B029A0001DBAD1 /* Assets.xcassets in Resources */,
				74DED4AD20B029A0001DBAD1 /* Main.storyboard in Resources */,
			);
			runOnlyForDeploymentPostprocessing = 0;
		};
		74DED4B620B029A0001DBAD1 /* Resources */ = {
			isa = PBXResourcesBuildPhase;
			buildActionMask = 2147483647;
			files = (
			);
			runOnlyForDeploymentPostprocessing = 0;
		};
		74DED4C120B029A0001DBAD1 /* Resources */ = {
			isa = PBXResourcesBuildPhase;
			buildActionMask = 2147483647;
			files = (
			);
			runOnlyForDeploymentPostprocessing = 0;
		};
/* End PBXResourcesBuildPhase section */

/* Begin PBXSourcesBuildPhase section */
		74DED4A020B0299F001DBAD1 /* Sources */ = {
			isa = PBXSourcesBuildPhase;
			buildActionMask = 2147483647;
			files = (
				74DED4AA20B029A0001DBAD1 /* ViewController.swift in Sources */,
				74DED4A820B029A0001DBAD1 /* AppDelegate.swift in Sources */,
			);
			runOnlyForDeploymentPostprocessing = 0;
		};
		74DED4B420B029A0001DBAD1 /* Sources */ = {
			isa = PBXSourcesBuildPhase;
			buildActionMask = 2147483647;
			files = (
				74DED4BD20B029A0001DBAD1 /* MyCarAppTests.swift in Sources */,
			);
			runOnlyForDeploymentPostprocessing = 0;
		};
		74DED4BF20B029A0001DBAD1 /* Sources */ = {
			isa = PBXSourcesBuildPhase;
			buildActionMask = 2147483647;
			files = (
				74DED4C820B029A0001DBAD1 /* MyCarAppUITests.swift in Sources */,
			);
			runOnlyForDeploymentPostprocessing = 0;
		};
/* End PBXSourcesBuildPhase section */

/* Begin PBXTargetDependency section */
		74DED4BA20B029A0001DBAD1 /* PBXTargetDependency */ = {
			isa = PBXTargetDependency;
			target = 74DED4A320B0299F001DBAD1 /* MyCarApp */;
			targetProxy = 74DED4B920B029A0001DBAD1 /* PBXContainerItemProxy */;
		};
		74DED4C520B029A0001DBAD1 /* PBXTargetDependency */ = {
			isa = PBXTargetDependency;
			target = 74DED4A320B0299F001DBAD1 /* MyCarApp */;
			targetProxy = 74DED4C420B029A0001DBAD1 /* PBXContainerItemProxy */;
		};
/* End PBXTargetDependency section */

/* Begin PBXVariantGroup section */
		74DED4AB20B029A0001DBAD1 /* Main.storyboard */ = {
			isa = PBXVariantGroup;
			children = (
				74DED4AC20B029A0001DBAD1 /* Base */,
			);
			name = Main.storyboard;
			sourceTree = "<group>";
		};
		74DED4B020B029A0001DBAD1 /* LaunchScreen.storyboard */ = {
			isa = PBXVariantGroup;
			children = (
				74DED4B120B029A0001DBAD1 /* Base */,
			);
			name = LaunchScreen.storyboard;
			sourceTree = "<group>";
		};
/* End PBXVariantGroup section */

/* Begin XCBuildConfiguration section */
		74DED4CA20B029A0001DBAD1 /* Debug */ = {
			isa = XCBuildConfiguration;
			buildSettings = {
				ALWAYS_SEARCH_USER_PATHS = NO;
				CLANG_ANALYZER_NONNULL = YES;
				CLANG_ANALYZER_NUMBER_OBJECT_CONVERSION = YES_AGGRESSIVE;
				CLANG_CXX_LANGUAGE_STANDARD = "gnu++14";
				CLANG_CXX_LIBRARY = "libc++";
				CLANG_ENABLE_MODULES = YES;
				CLANG_ENABLE_OBJC_ARC = YES;
				CLANG_WARN_BLOCK_CAPTURE_AUTORELEASING = YES;
				CLANG_WARN_BOOL_CONVERSION = YES;
				CLANG_WARN_COMMA = YES;
				CLANG_WARN_CONSTANT_CONVERSION = YES;
				CLANG_WARN_DIRECT_OBJC_ISA_USAGE = YES_ERROR;
				CLANG_WARN_DOCUMENTATION_COMMENTS = YES;
				CLANG_WARN_EMPTY_BODY = YES;
				CLANG_WARN_ENUM_CONVERSION = YES;
				CLANG_WARN_INFINITE_RECURSION = YES;
				CLANG_WARN_INT_CONVERSION = YES;
				CLANG_WARN_NON_LITERAL_NULL_CONVERSION = YES;
				CLANG_WARN_OBJC_LITERAL_CONVERSION = YES;
				CLANG_WARN_OBJC_ROOT_CLASS = YES_ERROR;
				CLANG_WARN_RANGE_LOOP_ANALYSIS = YES;
				CLANG_WARN_STRICT_PROTOTYPES = YES;
				CLANG_WARN_SUSPICIOUS_MOVE = YES;
				CLANG_WARN_UNGUARDED_AVAILABILITY = YES_AGGRESSIVE;
				CLANG_WARN_UNREACHABLE_CODE = YES;
				CLANG_WARN__DUPLICATE_METHOD_MATCH = YES;
				CODE_SIGN_IDENTITY = "iPhone Developer";
				COPY_PHASE_STRIP = NO;
				DEBUG_INFORMATION_FORMAT = dwarf;
				ENABLE_STRICT_OBJC_MSGSEND = YES;
				ENABLE_TESTABILITY = YES;
				GCC_C_LANGUAGE_STANDARD = gnu11;
				GCC_DYNAMIC_NO_PIC = NO;
				GCC_NO_COMMON_BLOCKS = YES;
				GCC_OPTIMIZATION_LEVEL = 0;
				GCC_PREPROCESSOR_DEFINITIONS = (
					"DEBUG=1",
					"$(inherited)",
				);
				GCC_WARN_64_TO_32_BIT_CONVERSION = YES;
				GCC_WARN_ABOUT_RETURN_TYPE = YES_ERROR;
				GCC_WARN_UNDECLARED_SELECTOR = YES;
				GCC_WARN_UNINITIALIZED_AUTOS = YES_AGGRESSIVE;
				GCC_WARN_UNUSED_FUNCTION = YES;
				GCC_WARN_UNUSED_VARIABLE = YES;
				IPHONEOS_DEPLOYMENT_TARGET = 11.2;
				MTL_ENABLE_DEBUG_INFO = YES;
				ONLY_ACTIVE_ARCH = YES;
				SDKROOT = iphoneos;
				SWIFT_ACTIVE_COMPILATION_CONDITIONS = DEBUG;
				SWIFT_OPTIMIZATION_LEVEL = "-Onone";
			};
			name = Debug;
		};
		74DED4CB20B029A0001DBAD1 /* Release */ = {
			isa = XCBuildConfiguration;
			buildSettings = {
				ALWAYS_SEARCH_USER_PATHS = NO;
				CLANG_ANALYZER_NONNULL = YES;
				CLANG_ANALYZER_NUMBER_OBJECT_CONVERSION = YES_AGGRESSIVE;
				CLANG_CXX_LANGUAGE_STANDARD = "gnu++14";
				CLANG_CXX_LIBRARY = "libc++";
				CLANG_ENABLE_MODULES = YES;
				CLANG_ENABLE_OBJC_ARC = YES;
				CLANG_WARN_BLOCK_CAPTURE_AUTORELEASING = YES;
				CLANG_WARN_BOOL_CONVERSION = YES;
				CLANG_WARN_COMMA = YES;
				CLANG_WARN_CONSTANT_CONVERSION = YES;
				CLANG_WARN_DIRECT_OBJC_ISA_USAGE = YES_ERROR;
				CLANG_WARN_DOCUMENTATION_COMMENTS = YES;
				CLANG_WARN_EMPTY_BODY = YES;
				CLANG_WARN_ENUM_CONVERSION = YES;
				CLANG_WARN_INFINITE_RECURSION = YES;
				CLANG_WARN_INT_CONVERSION = YES;
				CLANG_WARN_NON_LITERAL_NULL_CONVERSION = YES;
				CLANG_WARN_OBJC_LITERAL_CONVERSION = YES;
				CLANG_WARN_OBJC_ROOT_CLASS = YES_ERROR;
				CLANG_WARN_RANGE_LOOP_ANALYSIS = YES;
				CLANG_WARN_STRICT_PROTOTYPES = YES;
				CLANG_WARN_SUSPICIOUS_MOVE = YES;
				CLANG_WARN_UNGUARDED_AVAILABILITY = YES_AGGRESSIVE;
				CLANG_WARN_UNREACHABLE_CODE = YES;
				CLANG_WARN__DUPLICATE_METHOD_MATCH = YES;
				CODE_SIGN_IDENTITY = "iPhone Developer";
				COPY_PHASE_STRIP = NO;
				DEBUG_INFORMATION_FORMAT = "dwarf-with-dsym";
				ENABLE_NS_ASSERTIONS = NO;
				ENABLE_STRICT_OBJC_MSGSEND = YES;
				GCC_C_LANGUAGE_STANDARD = gnu11;
				GCC_NO_COMMON_BLOCKS = YES;
				GCC_WARN_64_TO_32_BIT_CONVERSION = YES;
				GCC_WARN_ABOUT_RETURN_TYPE = YES_ERROR;
				GCC_WARN_UNDECLARED_SELECTOR = YES;
				GCC_WARN_UNINITIALIZED_AUTOS = YES_AGGRESSIVE;
				GCC_WARN_UNUSED_FUNCTION = YES;
				GCC_WARN_UNUSED_VARIABLE = YES;
				IPHONEOS_DEPLOYMENT_TARGET = 11.2;
				MTL_ENABLE_DEBUG_INFO = NO;
				SDKROOT = iphoneos;
				SWIFT_OPTIMIZATION_LEVEL = "-Owholemodule";
				VALIDATE_PRODUCT = YES;
			};
			name = Release;
		};
		74DED4CD20B029A0001DBAD1 /* Debug */ = {
			isa = XCBuildConfiguration;
			buildSettings = {
				ASSETCATALOG_COMPILER_APPICON_NAME = AppIcon;
				CODE_SIGN_STYLE = Automatic;
				INFOPLIST_FILE = MyCarApp/Info.plist;
				LD_RUNPATH_SEARCH_PATHS = "$(inherited) @executable_path/Frameworks";
				PRODUCT_BUNDLE_IDENTIFIER = Ahmed.MyCarApp;
				PRODUCT_NAME = "$(TARGET_NAME)";
				SWIFT_VERSION = 4.0;
				TARGETED_DEVICE_FAMILY = "1,2";
			};
			name = Debug;
		};
		74DED4CE20B029A0001DBAD1 /* Release */ = {
			isa = XCBuildConfiguration;
			buildSettings = {
				ASSETCATALOG_COMPILER_APPICON_NAME = AppIcon;
				CODE_SIGN_STYLE = Automatic;
				INFOPLIST_FILE = MyCarApp/Info.plist;
				LD_RUNPATH_SEARCH_PATHS = "$(inherited) @executable_path/Frameworks";
				PRODUCT_BUNDLE_IDENTIFIER = Ahmed.MyCarApp;
				PRODUCT_NAME = "$(TARGET_NAME)";
				SWIFT_VERSION = 4.0;
				TARGETED_DEVICE_FAMILY = "1,2";
			};
			name = Release;
		};
		74DED4D020B029A0001DBAD1 /* Debug */ = {
			isa = XCBuildConfiguration;
			buildSettings = {
				ALWAYS_EMBED_SWIFT_STANDARD_LIBRARIES = YES;
				BUNDLE_LOADER = "$(TEST_HOST)";
				CODE_SIGN_STYLE = Automatic;
				INFOPLIST_FILE = MyCarAppTests/Info.plist;
				LD_RUNPATH_SEARCH_PATHS = "$(inherited) @executable_path/Frameworks @loader_path/Frameworks";
				PRODUCT_BUNDLE_IDENTIFIER = Ahmed.MyCarAppTests;
				PRODUCT_NAME = "$(TARGET_NAME)";
				SWIFT_VERSION = 4.0;
				TARGETED_DEVICE_FAMILY = "1,2";
				TEST_HOST = "$(BUILT_PRODUCTS_DIR)/MyCarApp.app/MyCarApp";
			};
			name = Debug;
		};
		74DED4D120B029A0001DBAD1 /* Release */ = {
			isa = XCBuildConfiguration;
			buildSettings = {
				ALWAYS_EMBED_SWIFT_STANDARD_LIBRARIES = YES;
				BUNDLE_LOADER = "$(TEST_HOST)";
				CODE_SIGN_STYLE = Automatic;
				INFOPLIST_FILE = MyCarAppTests/Info.plist;
				LD_RUNPATH_SEARCH_PATHS = "$(inherited) @executable_path/Frameworks @loader_path/Frameworks";
				PRODUCT_BUNDLE_IDENTIFIER = Ahmed.MyCarAppTests;
				PRODUCT_NAME = "$(TARGET_NAME)";
				SWIFT_VERSION = 4.0;
				TARGETED_DEVICE_FAMILY = "1,2";
				TEST_HOST = "$(BUILT_PRODUCTS_DIR)/MyCarApp.app/MyCarApp";
			};
			name = Release;
		};
		74DED4D320B029A0001DBAD1 /* Debug */ = {
			isa = XCBuildConfiguration;
			buildSettings = {
				ALWAYS_EMBED_SWIFT_STANDARD_LIBRARIES = YES;
				CODE_SIGN_STYLE = Automatic;
				INFOPLIST_FILE = MyCarAppUITests/Info.plist;
				LD_RUNPATH_SEARCH_PATHS = "$(inherited) @executable_path/Frameworks @loader_path/Frameworks";
				PRODUCT_BUNDLE_IDENTIFIER = Ahmed.MyCarAppUITests;
				PRODUCT_NAME = "$(TARGET_NAME)";
				SWIFT_VERSION = 4.0;
				TARGETED_DEVICE_FAMILY = "1,2";
				TEST_TARGET_NAME = MyCarApp;
			};
			name = Debug;
		};
		74DED4D420B029A0001DBAD1 /* Release */ = {
			isa = XCBuildConfiguration;
			buildSettings = {
				ALWAYS_EMBED_SWIFT_STANDARD_LIBRARIES = YES;
				CODE_SIGN_STYLE = Automatic;
				INFOPLIST_FILE = MyCarAppUITests/Info.plist;
				LD_RUNPATH_SEARCH_PATHS = "$(inherited) @executable_path/Frameworks @loader_path/Frameworks";
				PRODUCT_BUNDLE_IDENTIFIER = Ahmed.MyCarAppUITests;
				PRODUCT_NAME = "$(TARGET_NAME)";
				SWIFT_VERSION = 4.0;
				TARGETED_DEVICE_FAMILY = "1,2";
				TEST_TARGET_NAME = MyCarApp;
			};
			name = Release;
		};
/* End XCBuildConfiguration section */

/* Begin XCConfigurationList section */
		74DED49F20B0299F001DBAD1 /* Build configuration list for PBXProject "MyCarApp" */ = {
			isa = XCConfigurationList;
			buildConfigurations = (
				74DED4CA20B029A0001DBAD1 /* Debug */,
				74DED4CB20B029A0001DBAD1 /* Release */,
			);
			defaultConfigurationIsVisible = 0;
			defaultConfigurationName = Release;
		};
		74DED4CC20B029A0001DBAD1 /* Build configuration list for PBXNativeTarget "MyCarApp" */ = {
			isa = XCConfigurationList;
			buildConfigurations = (
				74DED4CD20B029A0001DBAD1 /* Debug */,
				74DED4CE20B029A0001DBAD1 /* Release */,
			);
			defaultConfigurationIsVisible = 0;
			defaultConfigurationName = Release;
		};
		74DED4CF20B029A0001DBAD1 /* Build configuration list for PBXNativeTarget "MyCarAppTests" */ = {
			isa = XCConfigurationList;
			buildConfigurations = (
				74DED4D020B029A0001DBAD1 /* Debug */,
				74DED4D120B029A0001DBAD1 /* Release */,
			);
			defaultConfigurationIsVisible = 0;
			defaultConfigurationName = Release;
		};
		74DED4D220B029A0001DBAD1 /* Build configuration list for PBXNativeTarget "MyCarAppUITests" */ = {
			isa = XCConfigurationList;
			buildConfigurations = (
				74DED4D320B029A0001DBAD1 /* Debug */,
				74DED4D420B029A0001DBAD1 /* Release */,
			);
			defaultConfigurationIsVisible = 0;
			defaultConfigurationName = Release;
		};
/* End XCConfigurationList section */
	};
	rootObject = 74DED49C20B0299F001DBAD1 /* Project object */;
}
